
Microsoft Visual Studio Solution File, Format Version 12.00
# Visual Studio 15
Project("{FAE04EC0-301F-11D3-BF4B-00C04F79EFBC}") = "_07b__Arrays", "_07b__Arrays\_07b__Arrays.csproj", "{041E042C-3B72-40F9-B53E-D25216597229}"
EndProject
Global
	GlobalSection(SolutionConfigurationPlatforms) = preSolution
		Debug|Any CPU = Debug|Any CPU
		Release|Any CPU = Release|Any CPU
	EndGlobalSection
	GlobalSection(ProjectConfigurationPlatforms) = postSolution
		{041E042C-3B72-40F9-B53E-D25216597229}.Debug|Any CPU.ActiveCfg = Debug|Any CPU
		{041E042C-3B72-40F9-B53E-D25216597229}.Debug|Any CPU.Build.0 = Debug|Any CPU
		{041E042C-3B72-40F9-B53E-D25216597229}.Release|Any CPU.ActiveCfg = Release|Any CPU
		{041E042C-3B72-40F9-B53E-D25216597229}.Release|Any CPU.Build.0 = Release|Any CPU
	EndGlobalSection
EndGlobal
