
Microsoft Visual Studio Solution File, Format Version 12.00
# Visual Studio 15
Project("{FAE04EC0-301F-11D3-BF4B-00C04F79EFBC}") = "_07c__Arrays", "_07c__Arrays\_07c__Arrays.csproj", "{EEB4234B-9E33-49BE-B7B3-DC2659F2F98E}"
EndProject
Global
	GlobalSection(SolutionConfigurationPlatforms) = preSolution
		Debug|Any CPU = Debug|Any CPU
		Release|Any CPU = Release|Any CPU
	EndGlobalSection
	GlobalSection(ProjectConfigurationPlatforms) = postSolution
		{EEB4234B-9E33-49BE-B7B3-DC2659F2F98E}.Debug|Any CPU.ActiveCfg = Debug|Any CPU
		{EEB4234B-9E33-49BE-B7B3-DC2659F2F98E}.Debug|Any CPU.Build.0 = Debug|Any CPU
		{EEB4234B-9E33-49BE-B7B3-DC2659F2F98E}.Release|Any CPU.ActiveCfg = Release|Any CPU
		{EEB4234B-9E33-49BE-B7B3-DC2659F2F98E}.Release|Any CPU.Build.0 = Release|Any CPU
	EndGlobalSection
EndGlobal
