
Microsoft Visual Studio Solution File, Format Version 12.00
# Visual Studio 15
Project("{FAE04EC0-301F-11D3-BF4B-00C04F79EFBC}") = "DecisionMaking", "DecisionMaking\DecisionMaking.csproj", "{D9488815-763A-4075-8AE4-F2DCCAB9C99E}"
EndProject
Global
	GlobalSection(SolutionConfigurationPlatforms) = preSolution
		Debug|anycpu = Debug|anycpu
		Release|anycpu = Release|anycpu
	EndGlobalSection
	GlobalSection(ProjectConfigurationPlatforms) = postSolution
		{D9488815-763A-4075-8AE4-F2DCCAB9C99E}.Debug|anycpu.ActiveCfg = Debug|anycpu
		{D9488815-763A-4075-8AE4-F2DCCAB9C99E}.Debug|anycpu.Build.0 = Debug|anycpu
		{D9488815-763A-4075-8AE4-F2DCCAB9C99E}.Release|anycpu.ActiveCfg = Release|anycpu
		{D9488815-763A-4075-8AE4-F2DCCAB9C99E}.Release|anycpu.Build.0 = Release|anycpu
	EndGlobalSection
EndGlobal
