
Microsoft Visual Studio Solution File, Format Version 12.00
# Visual Studio 15
Project("{FAE04EC0-301F-11D3-BF4B-00C04F79EFBC}") = "NestedIfs", "NestedIfs\NestedIfs.csproj", "{4165D52D-9F40-4B20-9240-67283C6009F6}"
EndProject
Global
	GlobalSection(SolutionConfigurationPlatforms) = preSolution
		Debug|anycpu = Debug|anycpu
		Release|anycpu = Release|anycpu
	EndGlobalSection
	GlobalSection(ProjectConfigurationPlatforms) = postSolution
		{4165D52D-9F40-4B20-9240-67283C6009F6}.Debug|anycpu.ActiveCfg = Debug|anycpu
		{4165D52D-9F40-4B20-9240-67283C6009F6}.Debug|anycpu.Build.0 = Debug|anycpu
		{4165D52D-9F40-4B20-9240-67283C6009F6}.Release|anycpu.ActiveCfg = Release|anycpu
		{4165D52D-9F40-4B20-9240-67283C6009F6}.Release|anycpu.Build.0 = Release|anycpu
	EndGlobalSection
EndGlobal
