
Microsoft Visual Studio Solution File, Format Version 12.00
# Visual Studio 15
Project("{FAE04EC0-301F-11D3-BF4B-00C04F79EFBC}") = "TernaryOperator", "TernaryOperator\TernaryOperator.csproj", "{3E7A61F9-9289-4C8F-93C1-80485405FF78}"
EndProject
Global
	GlobalSection(SolutionConfigurationPlatforms) = preSolution
		Debug|anycpu = Debug|anycpu
		Release|anycpu = Release|anycpu
	EndGlobalSection
	GlobalSection(ProjectConfigurationPlatforms) = postSolution
		{3E7A61F9-9289-4C8F-93C1-80485405FF78}.Debug|anycpu.ActiveCfg = Debug|anycpu
		{3E7A61F9-9289-4C8F-93C1-80485405FF78}.Debug|anycpu.Build.0 = Debug|anycpu
		{3E7A61F9-9289-4C8F-93C1-80485405FF78}.Release|anycpu.ActiveCfg = Release|anycpu
		{3E7A61F9-9289-4C8F-93C1-80485405FF78}.Release|anycpu.Build.0 = Release|anycpu
	EndGlobalSection
EndGlobal
